
Microsoft Visual Studio Solution File, Format Version 12.00
# Visual Studio 15
VisualStudioVersion = 15.0.27703.2035
MinimumVisualStudioVersion = 10.0.40219.1
Project("{FAE04EC0-301F-11D3-BF4B-00C04F79EFBC}") = "ParserLBC", "ParserLBC.csproj", "{0F1AA009-3485-4F41-9D82-EE45E769BA8B}"
EndProject
Global
	GlobalSection(SolutionConfigurationPlatforms) = preSolution
		Debug|Any CPU = Debug|Any CPU
		Release|Any CPU = Release|Any CPU
	EndGlobalSection
	GlobalSection(ProjectConfigurationPlatforms) = postSolution
		{0F1AA009-3485-4F41-9D82-EE45E769BA8B}.Debug|Any CPU.ActiveCfg = Debug|Any CPU
		{0F1AA009-3485-4F41-9D82-EE45E769BA8B}.Debug|Any CPU.Build.0 = Debug|Any CPU
		{0F1AA009-3485-4F41-9D82-EE45E769BA8B}.Release|Any CPU.ActiveCfg = Release|Any CPU
		{0F1AA009-3485-4F41-9D82-EE45E769BA8B}.Release|Any CPU.Build.0 = Release|Any CPU
	EndGlobalSection
	GlobalSection(SolutionProperties) = preSolution
		HideSolutionNode = FALSE
	EndGlobalSection
	GlobalSection(ExtensibilityGlobals) = postSolution
		SolutionGuid = {805FDBD1-93A5-4A58-A112-7EBC9E29D78B}
	EndGlobalSection
EndGlobal
